
Microsoft Visual Studio Solution File, Format Version 11.00
# Visual Studio 2010
Project("{FAE04EC0-301F-11D3-BF4B-00C04F79EFBC}") = "Framework", "Framework\Framework.csproj", "{C301ECEB-1C07-4A0C-8F66-6BE801CECA02}"
EndProject
Project("{FAE04EC0-301F-11D3-BF4B-00C04F79EFBC}") = "Security", "Security\Security.csproj", "{2F26ECB8-6AE6-44CC-9C03-8A23B6D8CB37}"
EndProject
Project("{FAE04EC0-301F-11D3-BF4B-00C04F79EFBC}") = "WebKernel", "WebKernel\WebKernel.csproj", "{C3A23001-F7C2-4174-BB54-7A60A1A20F46}"
EndProject
Project("{2150E333-8FDC-42A3-9474-1A3956D46DE8}") = "Libs", "Libs", "{E06714A0-7718-4C9D-B48E-3761B7B0721D}"
	ProjectSection(SolutionItems) = preProject
		Libs\log4net.dll = Libs\log4net.dll
		Libs\Microsoft.Practices.EnterpriseLibrary.Caching.dll = Libs\Microsoft.Practices.EnterpriseLibrary.Caching.dll
		Libs\Microsoft.Practices.EnterpriseLibrary.Common.dll = Libs\Microsoft.Practices.EnterpriseLibrary.Common.dll
		Libs\Microsoft.Practices.ObjectBuilder2.dll = Libs\Microsoft.Practices.ObjectBuilder2.dll
		Libs\Newtonsoft.Json.dll = Libs\Newtonsoft.Json.dll
	EndProjectSection
EndProject
Project("{2150E333-8FDC-42A3-9474-1A3956D46DE8}") = "Core", "Core", "{4D524B9A-85C0-42E5-98B6-164264897140}"
EndProject
Project("{FAE04EC0-301F-11D3-BF4B-00C04F79EFBC}") = "Web", "Web\Web.csproj", "{55B5B8DB-EED4-42F1-9715-A9DC3A35A406}"
EndProject
Project("{2150E333-8FDC-42A3-9474-1A3956D46DE8}") = "Portal", "Portal", "{C1CEB9FC-6953-46CE-B219-268ED854132F}"
EndProject
Project("{2150E333-8FDC-42A3-9474-1A3956D46DE8}") = "Services", "Services", "{EB0B86E6-DB65-4229-A29F-E52CD0E3E978}"
EndProject
Project("{FAE04EC0-301F-11D3-BF4B-00C04F79EFBC}") = "Service", "Service\Service.csproj", "{9E179023-3E98-4E91-BC38-0329FC4A640F}"
EndProject
Project("{FAE04EC0-301F-11D3-BF4B-00C04F79EFBC}") = "Workflow", "Workflow\Workflow.csproj", "{9346BE0A-7EA5-4FC2-936C-1AC18D743808}"
EndProject
Project("{2150E333-8FDC-42A3-9474-1A3956D46DE8}") = "Scripts", "Scripts", "{775AB9A5-FC47-46B3-814F-E3D9D4930E4C}"
	ProjectSection(SolutionItems) = preProject
		Scripts\DT_01_序列.sql = Scripts\DT_01_序列.sql
		Scripts\DT_02_用户及角色.sql = Scripts\DT_02_用户及角色.sql
		Scripts\FN_01_序列生成.sql = Scripts\FN_01_序列生成.sql
		Scripts\read me.txt = Scripts\read me.txt
		Scripts\TB_01_自增序列.sql = Scripts\TB_01_自增序列.sql
		Scripts\TB_02_用户及角色.sql = Scripts\TB_02_用户及角色.sql
	EndProjectSection
EndProject
Project("{2150E333-8FDC-42A3-9474-1A3956D46DE8}") = "Data", "Data", "{7BCFCF29-0B2F-4036-AF46-3BBEFC8D8C2E}"
EndProject
Project("{FAE04EC0-301F-11D3-BF4B-00C04F79EFBC}") = "DataAccessLayer", "DataAccessLayer\DataAccessLayer.csproj", "{F108CA3D-8C70-47C0-8DDB-2A62CBBAC211}"
EndProject
Global
	GlobalSection(SolutionConfigurationPlatforms) = preSolution
		Debug|Any CPU = Debug|Any CPU
		Debug|Mixed Platforms = Debug|Mixed Platforms
		Debug|x86 = Debug|x86
		Release|Any CPU = Release|Any CPU
		Release|Mixed Platforms = Release|Mixed Platforms
		Release|x86 = Release|x86
	EndGlobalSection
	GlobalSection(ProjectConfigurationPlatforms) = postSolution
		{C301ECEB-1C07-4A0C-8F66-6BE801CECA02}.Debug|Any CPU.ActiveCfg = Debug|Any CPU
		{C301ECEB-1C07-4A0C-8F66-6BE801CECA02}.Debug|Any CPU.Build.0 = Debug|Any CPU
		{C301ECEB-1C07-4A0C-8F66-6BE801CECA02}.Debug|Mixed Platforms.ActiveCfg = Debug|Any CPU
		{C301ECEB-1C07-4A0C-8F66-6BE801CECA02}.Debug|Mixed Platforms.Build.0 = Debug|Any CPU
		{C301ECEB-1C07-4A0C-8F66-6BE801CECA02}.Debug|x86.ActiveCfg = Debug|Any CPU
		{C301ECEB-1C07-4A0C-8F66-6BE801CECA02}.Release|Any CPU.ActiveCfg = Release|Any CPU
		{C301ECEB-1C07-4A0C-8F66-6BE801CECA02}.Release|Any CPU.Build.0 = Release|Any CPU
		{C301ECEB-1C07-4A0C-8F66-6BE801CECA02}.Release|Mixed Platforms.ActiveCfg = Release|Any CPU
		{C301ECEB-1C07-4A0C-8F66-6BE801CECA02}.Release|Mixed Platforms.Build.0 = Release|Any CPU
		{C301ECEB-1C07-4A0C-8F66-6BE801CECA02}.Release|x86.ActiveCfg = Release|Any CPU
		{2F26ECB8-6AE6-44CC-9C03-8A23B6D8CB37}.Debug|Any CPU.ActiveCfg = Debug|Any CPU
		{2F26ECB8-6AE6-44CC-9C03-8A23B6D8CB37}.Debug|Any CPU.Build.0 = Debug|Any CPU
		{2F26ECB8-6AE6-44CC-9C03-8A23B6D8CB37}.Debug|Mixed Platforms.ActiveCfg = Debug|Any CPU
		{2F26ECB8-6AE6-44CC-9C03-8A23B6D8CB37}.Debug|Mixed Platforms.Build.0 = Debug|Any CPU
		{2F26ECB8-6AE6-44CC-9C03-8A23B6D8CB37}.Debug|x86.ActiveCfg = Debug|Any CPU
		{2F26ECB8-6AE6-44CC-9C03-8A23B6D8CB37}.Release|Any CPU.ActiveCfg = Release|Any CPU
		{2F26ECB8-6AE6-44CC-9C03-8A23B6D8CB37}.Release|Any CPU.Build.0 = Release|Any CPU
		{2F26ECB8-6AE6-44CC-9C03-8A23B6D8CB37}.Release|Mixed Platforms.ActiveCfg = Release|Any CPU
		{2F26ECB8-6AE6-44CC-9C03-8A23B6D8CB37}.Release|Mixed Platforms.Build.0 = Release|Any CPU
		{2F26ECB8-6AE6-44CC-9C03-8A23B6D8CB37}.Release|x86.ActiveCfg = Release|Any CPU
		{C3A23001-F7C2-4174-BB54-7A60A1A20F46}.Debug|Any CPU.ActiveCfg = Debug|Any CPU
		{C3A23001-F7C2-4174-BB54-7A60A1A20F46}.Debug|Any CPU.Build.0 = Debug|Any CPU
		{C3A23001-F7C2-4174-BB54-7A60A1A20F46}.Debug|Mixed Platforms.ActiveCfg = Debug|Any CPU
		{C3A23001-F7C2-4174-BB54-7A60A1A20F46}.Debug|Mixed Platforms.Build.0 = Debug|Any CPU
		{C3A23001-F7C2-4174-BB54-7A60A1A20F46}.Debug|x86.ActiveCfg = Debug|Any CPU
		{C3A23001-F7C2-4174-BB54-7A60A1A20F46}.Release|Any CPU.ActiveCfg = Release|Any CPU
		{C3A23001-F7C2-4174-BB54-7A60A1A20F46}.Release|Any CPU.Build.0 = Release|Any CPU
		{C3A23001-F7C2-4174-BB54-7A60A1A20F46}.Release|Mixed Platforms.ActiveCfg = Release|Any CPU
		{C3A23001-F7C2-4174-BB54-7A60A1A20F46}.Release|Mixed Platforms.Build.0 = Release|Any CPU
		{C3A23001-F7C2-4174-BB54-7A60A1A20F46}.Release|x86.ActiveCfg = Release|Any CPU
		{55B5B8DB-EED4-42F1-9715-A9DC3A35A406}.Debug|Any CPU.ActiveCfg = Debug|Any CPU
		{55B5B8DB-EED4-42F1-9715-A9DC3A35A406}.Debug|Any CPU.Build.0 = Debug|Any CPU
		{55B5B8DB-EED4-42F1-9715-A9DC3A35A406}.Debug|Mixed Platforms.ActiveCfg = Debug|Any CPU
		{55B5B8DB-EED4-42F1-9715-A9DC3A35A406}.Debug|Mixed Platforms.Build.0 = Debug|Any CPU
		{55B5B8DB-EED4-42F1-9715-A9DC3A35A406}.Debug|x86.ActiveCfg = Debug|Any CPU
		{55B5B8DB-EED4-42F1-9715-A9DC3A35A406}.Release|Any CPU.ActiveCfg = Release|Any CPU
		{55B5B8DB-EED4-42F1-9715-A9DC3A35A406}.Release|Any CPU.Build.0 = Release|Any CPU
		{55B5B8DB-EED4-42F1-9715-A9DC3A35A406}.Release|Mixed Platforms.ActiveCfg = Release|Any CPU
		{55B5B8DB-EED4-42F1-9715-A9DC3A35A406}.Release|Mixed Platforms.Build.0 = Release|Any CPU
		{55B5B8DB-EED4-42F1-9715-A9DC3A35A406}.Release|x86.ActiveCfg = Release|Any CPU
		{9E179023-3E98-4E91-BC38-0329FC4A640F}.Debug|Any CPU.ActiveCfg = Debug|x86
		{9E179023-3E98-4E91-BC38-0329FC4A640F}.Debug|Mixed Platforms.ActiveCfg = Debug|x86
		{9E179023-3E98-4E91-BC38-0329FC4A640F}.Debug|Mixed Platforms.Build.0 = Debug|x86
		{9E179023-3E98-4E91-BC38-0329FC4A640F}.Debug|x86.ActiveCfg = Debug|x86
		{9E179023-3E98-4E91-BC38-0329FC4A640F}.Debug|x86.Build.0 = Debug|x86
		{9E179023-3E98-4E91-BC38-0329FC4A640F}.Release|Any CPU.ActiveCfg = Release|x86
		{9E179023-3E98-4E91-BC38-0329FC4A640F}.Release|Mixed Platforms.ActiveCfg = Release|x86
		{9E179023-3E98-4E91-BC38-0329FC4A640F}.Release|Mixed Platforms.Build.0 = Release|x86
		{9E179023-3E98-4E91-BC38-0329FC4A640F}.Release|x86.ActiveCfg = Release|x86
		{9E179023-3E98-4E91-BC38-0329FC4A640F}.Release|x86.Build.0 = Release|x86
		{9346BE0A-7EA5-4FC2-936C-1AC18D743808}.Debug|Any CPU.ActiveCfg = Debug|Any CPU
		{9346BE0A-7EA5-4FC2-936C-1AC18D743808}.Debug|Any CPU.Build.0 = Debug|Any CPU
		{9346BE0A-7EA5-4FC2-936C-1AC18D743808}.Debug|Mixed Platforms.ActiveCfg = Debug|Any CPU
		{9346BE0A-7EA5-4FC2-936C-1AC18D743808}.Debug|Mixed Platforms.Build.0 = Debug|Any CPU
		{9346BE0A-7EA5-4FC2-936C-1AC18D743808}.Debug|x86.ActiveCfg = Debug|Any CPU
		{9346BE0A-7EA5-4FC2-936C-1AC18D743808}.Release|Any CPU.ActiveCfg = Release|Any CPU
		{9346BE0A-7EA5-4FC2-936C-1AC18D743808}.Release|Any CPU.Build.0 = Release|Any CPU
		{9346BE0A-7EA5-4FC2-936C-1AC18D743808}.Release|Mixed Platforms.ActiveCfg = Release|Any CPU
		{9346BE0A-7EA5-4FC2-936C-1AC18D743808}.Release|Mixed Platforms.Build.0 = Release|Any CPU
		{9346BE0A-7EA5-4FC2-936C-1AC18D743808}.Release|x86.ActiveCfg = Release|Any CPU
		{F108CA3D-8C70-47C0-8DDB-2A62CBBAC211}.Debug|Any CPU.ActiveCfg = Debug|Any CPU
		{F108CA3D-8C70-47C0-8DDB-2A62CBBAC211}.Debug|Any CPU.Build.0 = Debug|Any CPU
		{F108CA3D-8C70-47C0-8DDB-2A62CBBAC211}.Debug|Mixed Platforms.ActiveCfg = Debug|Any CPU
		{F108CA3D-8C70-47C0-8DDB-2A62CBBAC211}.Debug|Mixed Platforms.Build.0 = Debug|Any CPU
		{F108CA3D-8C70-47C0-8DDB-2A62CBBAC211}.Debug|x86.ActiveCfg = Debug|Any CPU
		{F108CA3D-8C70-47C0-8DDB-2A62CBBAC211}.Release|Any CPU.ActiveCfg = Release|Any CPU
		{F108CA3D-8C70-47C0-8DDB-2A62CBBAC211}.Release|Any CPU.Build.0 = Release|Any CPU
		{F108CA3D-8C70-47C0-8DDB-2A62CBBAC211}.Release|Mixed Platforms.ActiveCfg = Release|Any CPU
		{F108CA3D-8C70-47C0-8DDB-2A62CBBAC211}.Release|Mixed Platforms.Build.0 = Release|Any CPU
		{F108CA3D-8C70-47C0-8DDB-2A62CBBAC211}.Release|x86.ActiveCfg = Release|Any CPU
	EndGlobalSection
	GlobalSection(SolutionProperties) = preSolution
		HideSolutionNode = FALSE
	EndGlobalSection
	GlobalSection(NestedProjects) = preSolution
		{2F26ECB8-6AE6-44CC-9C03-8A23B6D8CB37} = {4D524B9A-85C0-42E5-98B6-164264897140}
		{C3A23001-F7C2-4174-BB54-7A60A1A20F46} = {4D524B9A-85C0-42E5-98B6-164264897140}
		{C301ECEB-1C07-4A0C-8F66-6BE801CECA02} = {4D524B9A-85C0-42E5-98B6-164264897140}
		{55B5B8DB-EED4-42F1-9715-A9DC3A35A406} = {C1CEB9FC-6953-46CE-B219-268ED854132F}
		{9E179023-3E98-4E91-BC38-0329FC4A640F} = {EB0B86E6-DB65-4229-A29F-E52CD0E3E978}
		{F108CA3D-8C70-47C0-8DDB-2A62CBBAC211} = {7BCFCF29-0B2F-4036-AF46-3BBEFC8D8C2E}
	EndGlobalSection
EndGlobal
